
Microsoft Visual Studio Solution File, Format Version 12.00
# Visual Studio Version 17
VisualStudioVersion = 17.7.34031.279
MinimumVisualStudioVersion = 10.0.40219.1
Project("{9A19103F-16F7-4668-BE54-9A1E7A4F7556}") = "Personal.Project.WeatherForecastApplication", "Personal.Project.WeatherForecastApplication\Personal.Project.WeatherForecastApplication.csproj", "{6B325D1D-4CD8-43F9-AED6-2C0170843C83}"
EndProject
Project("{9A19103F-16F7-4668-BE54-9A1E7A4F7556}") = "Personal.Project.DatabaseLibrary", "Personal.Project.DatabaseLibrary\Personal.Project.DatabaseLibrary.csproj", "{DAF83FFD-C839-4972-B1C3-A79B6941DB1E}"
EndProject
Project("{9A19103F-16F7-4668-BE54-9A1E7A4F7556}") = "Personal.Project.ValidationLibrary", "Personal.Project.ValidationLibrary\Personal.Project.ValidationLibrary.csproj", "{0673204B-9E10-47C8-B115-E3F4F22B3A9C}"
EndProject
Project("{9A19103F-16F7-4668-BE54-9A1E7A4F7556}") = "Personal.Project.FileSystemLibrary", "Personal.Project.FileSystemLibrary\Personal.Project.FileSystemLibrary.csproj", "{49199427-1778-4285-A399-1D2124691DC5}"
EndProject
Project("{9A19103F-16F7-4668-BE54-9A1E7A4F7556}") = "Personal.Project.DemoConsoleApp", "Personal.Project.DemoConsoleApp\Personal.Project.DemoConsoleApp.csproj", "{9401CECA-A446-4C60-A29E-72E94098A190}"
EndProject
Project("{FAE04EC0-301F-11D3-BF4B-00C04F79EFBC}") = "Personal.Project.ExcelLibrary", "Personal.Project.ExcelLibrary\Personal.Project.ExcelLibrary.csproj", "{8A2249A6-79CF-45F7-A930-839B321856F9}"
EndProject
Global
	GlobalSection(SolutionConfigurationPlatforms) = preSolution
		Debug|Any CPU = Debug|Any CPU
		Release|Any CPU = Release|Any CPU
	EndGlobalSection
	GlobalSection(ProjectConfigurationPlatforms) = postSolution
		{6B325D1D-4CD8-43F9-AED6-2C0170843C83}.Debug|Any CPU.ActiveCfg = Debug|Any CPU
		{6B325D1D-4CD8-43F9-AED6-2C0170843C83}.Debug|Any CPU.Build.0 = Debug|Any CPU
		{6B325D1D-4CD8-43F9-AED6-2C0170843C83}.Release|Any CPU.ActiveCfg = Release|Any CPU
		{6B325D1D-4CD8-43F9-AED6-2C0170843C83}.Release|Any CPU.Build.0 = Release|Any CPU
		{DAF83FFD-C839-4972-B1C3-A79B6941DB1E}.Debug|Any CPU.ActiveCfg = Debug|Any CPU
		{DAF83FFD-C839-4972-B1C3-A79B6941DB1E}.Debug|Any CPU.Build.0 = Debug|Any CPU
		{DAF83FFD-C839-4972-B1C3-A79B6941DB1E}.Release|Any CPU.ActiveCfg = Release|Any CPU
		{DAF83FFD-C839-4972-B1C3-A79B6941DB1E}.Release|Any CPU.Build.0 = Release|Any CPU
		{0673204B-9E10-47C8-B115-E3F4F22B3A9C}.Debug|Any CPU.ActiveCfg = Debug|Any CPU
		{0673204B-9E10-47C8-B115-E3F4F22B3A9C}.Debug|Any CPU.Build.0 = Debug|Any CPU
		{0673204B-9E10-47C8-B115-E3F4F22B3A9C}.Release|Any CPU.ActiveCfg = Release|Any CPU
		{0673204B-9E10-47C8-B115-E3F4F22B3A9C}.Release|Any CPU.Build.0 = Release|Any CPU
		{49199427-1778-4285-A399-1D2124691DC5}.Debug|Any CPU.ActiveCfg = Debug|Any CPU
		{49199427-1778-4285-A399-1D2124691DC5}.Debug|Any CPU.Build.0 = Debug|Any CPU
		{49199427-1778-4285-A399-1D2124691DC5}.Release|Any CPU.ActiveCfg = Release|Any CPU
		{49199427-1778-4285-A399-1D2124691DC5}.Release|Any CPU.Build.0 = Release|Any CPU
		{9401CECA-A446-4C60-A29E-72E94098A190}.Debug|Any CPU.ActiveCfg = Debug|Any CPU
		{9401CECA-A446-4C60-A29E-72E94098A190}.Debug|Any CPU.Build.0 = Debug|Any CPU
		{9401CECA-A446-4C60-A29E-72E94098A190}.Release|Any CPU.ActiveCfg = Release|Any CPU
		{9401CECA-A446-4C60-A29E-72E94098A190}.Release|Any CPU.Build.0 = Release|Any CPU
		{8A2249A6-79CF-45F7-A930-839B321856F9}.Debug|Any CPU.ActiveCfg = Debug|Any CPU
		{8A2249A6-79CF-45F7-A930-839B321856F9}.Debug|Any CPU.Build.0 = Debug|Any CPU
		{8A2249A6-79CF-45F7-A930-839B321856F9}.Release|Any CPU.ActiveCfg = Release|Any CPU
		{8A2249A6-79CF-45F7-A930-839B321856F9}.Release|Any CPU.Build.0 = Release|Any CPU
	EndGlobalSection
	GlobalSection(SolutionProperties) = preSolution
		HideSolutionNode = FALSE
	EndGlobalSection
	GlobalSection(ExtensibilityGlobals) = postSolution
		SolutionGuid = {D9EBF1DF-617C-419C-878F-AE7614248E77}
	EndGlobalSection
EndGlobal
